
Microsoft Visual Studio Solution File, Format Version 12.00
# Visual Studio Version 17
VisualStudioVersion = 17.8.34525.116
MinimumVisualStudioVersion = 10.0.40219.1
Project("{FAE04EC0-301F-11D3-BF4B-00C04F79EFBC}") = "InventoryApp", "InventoryApp\InventoryApp.csproj", "{6AB4BAD5-C685-46B9-B54B-438CF953E3F9}"
EndProject
Global
	GlobalSection(SolutionConfigurationPlatforms) = preSolution
		Debug|Any CPU = Debug|Any CPU
		Release|Any CPU = Release|Any CPU
	EndGlobalSection
	GlobalSection(ProjectConfigurationPlatforms) = postSolution
		{6AB4BAD5-C685-46B9-B54B-438CF953E3F9}.Debug|Any CPU.ActiveCfg = Debug|Any CPU
		{6AB4BAD5-C685-46B9-B54B-438CF953E3F9}.Debug|Any CPU.Build.0 = Debug|Any CPU
		{6AB4BAD5-C685-46B9-B54B-438CF953E3F9}.Release|Any CPU.ActiveCfg = Release|Any CPU
		{6AB4BAD5-C685-46B9-B54B-438CF953E3F9}.Release|Any CPU.Build.0 = Release|Any CPU
	EndGlobalSection
	GlobalSection(SolutionProperties) = preSolution
		HideSolutionNode = FALSE
	EndGlobalSection
	GlobalSection(ExtensibilityGlobals) = postSolution
		SolutionGuid = {870E1DF1-DCF9-45D4-AB27-D622C5889D7F}
	EndGlobalSection
EndGlobal
